#MicroXplorer Configuration settings - do not modify
FREERTOS.FootprintOK=true
FREERTOS.INCLUDE_vTaskDelete=1
FREERTOS.IPParameters=Tasks01,configUSE_NEWLIB_REENTRANT,configLIBRARY_LOWEST_INTERRUPT_PRIORITY,configLIBRARY_MAX_SYSCALL_INTERRUPT_PRIORITY,INCLUDE_vTaskDelete,FootprintOK
FREERTOS.Tasks01=defaultTask,24,128,StartDefaultTask,Default,NULL,Dynamic,NULL,NULL;LED_Task,8,128,LED_Blink,Default,NULL,Dynamic,NULL,NULL
FREERTOS.configLIBRARY_LOWEST_INTERRUPT_PRIORITY=3
FREERTOS.configLIBRARY_MAX_SYSCALL_INTERRUPT_PRIORITY=3
FREERTOS.configUSE_NEWLIB_REENTRANT=1
File.Version=6
GPIO.groupedBy=Group By Peripherals
KeepUserPlacement=false
Mcu.CPN=STM32F405ZGT6
Mcu.Family=STM32F4
Mcu.IP0=FREERTOS
Mcu.IP1=NVIC
Mcu.IP2=RCC
Mcu.IP3=SYS
Mcu.IP4=UART5
Mcu.IP5=USART3
Mcu.IPNb=6
Mcu.Name=STM32F405ZGTx
Mcu.Package=LQFP144
Mcu.Pin0=PF2
Mcu.Pin1=PH0-OSC_IN
Mcu.Pin10=PD2
Mcu.Pin11=VP_FREERTOS_VS_CMSIS_V2
Mcu.Pin12=VP_SYS_VS_tim3
Mcu.Pin2=PH1-OSC_OUT
Mcu.Pin3=PC2
Mcu.Pin4=PG0
Mcu.Pin5=PE7
Mcu.Pin6=PE8
Mcu.Pin7=PD8
Mcu.Pin8=PD9
Mcu.Pin9=PC12
Mcu.PinsNb=13
Mcu.ThirdPartyNb=0
Mcu.UserConstants=
Mcu.UserName=STM32F405ZGTx
MxCube.Version=6.5.0
MxDb.Version=DB.6.0.50
NVIC.BusFault_IRQn=true\:0\:0\:false\:false\:true\:false\:false\:false\:true
NVIC.DebugMonitor_IRQn=true\:0\:0\:false\:false\:true\:false\:false\:false\:true
NVIC.ForceEnableDMAVector=true
NVIC.HardFault_IRQn=true\:0\:0\:false\:false\:true\:false\:false\:false\:true
NVIC.MemoryManagement_IRQn=true\:0\:0\:false\:false\:true\:false\:false\:false\:true
NVIC.NonMaskableInt_IRQn=true\:0\:0\:false\:false\:true\:false\:false\:false\:true
NVIC.PendSV_IRQn=true\:15\:0\:false\:false\:false\:true\:false\:false\:true
NVIC.PriorityGroup=NVIC_PRIORITYGROUP_4
NVIC.SVCall_IRQn=true\:0\:0\:false\:false\:false\:false\:false\:false\:true
NVIC.SavedPendsvIrqHandlerGenerated=true
NVIC.SavedSvcallIrqHandlerGenerated=true
NVIC.SavedSystickIrqHandlerGenerated=true
NVIC.SysTick_IRQn=true\:15\:0\:false\:false\:false\:true\:false\:true\:true
NVIC.TIM3_IRQn=true\:15\:0\:false\:false\:true\:false\:false\:true\:true
NVIC.TimeBase=TIM3_IRQn
NVIC.TimeBaseIP=TIM3
NVIC.USART3_IRQn=true\:3\:0\:false\:false\:true\:true\:true\:true\:true
NVIC.UsageFault_IRQn=true\:0\:0\:false\:false\:true\:false\:false\:false\:true
PC12.Locked=true
PC12.Mode=Asynchronous
PC12.Signal=UART5_TX
PC2.GPIOParameters=GPIO_Label
PC2.GPIO_Label=COM_LED_CARD
PC2.Locked=true
PC2.Signal=GPIO_Output
PD2.Locked=true
PD2.Mode=Asynchronous
PD2.Signal=UART5_RX
PD8.GPIOParameters=GPIO_Label
PD8.GPIO_Label=C4MA_TXD_O
PD8.Locked=true
PD8.Mode=Asynchronous
PD8.Signal=USART3_TX
PD9.GPIOParameters=GPIO_Label
PD9.GPIO_Label=C4MA_RXD_I
PD9.Locked=true
PD9.Mode=Asynchronous
PD9.Signal=USART3_RX
PE7.GPIOParameters=GPIO_Label
PE7.GPIO_Label=C4MA_WDTRST
PE7.Locked=true
PE7.Signal=GPIO_Input
PE8.GPIOParameters=GPIO_Label
PE8.GPIO_Label=CPU_WDTRST
PE8.Locked=true
PE8.Signal=GPIO_Input
PF2.GPIOParameters=GPIO_Label
PF2.GPIO_Label=LED_CARD
PF2.Locked=true
PF2.Signal=GPIO_Output
PG0.GPIOParameters=GPIO_Label
PG0.GPIO_Label=C4MA_DE_O
PG0.Locked=true
PG0.Signal=GPIO_Input
PH0-OSC_IN.Mode=HSE-External-Oscillator
PH0-OSC_IN.Signal=RCC_OSC_IN
PH1-OSC_OUT.Mode=HSE-External-Oscillator
PH1-OSC_OUT.Signal=RCC_OSC_OUT
PinOutPanel.RotationAngle=0
ProjectManager.AskForMigrate=true
ProjectManager.BackupPrevious=false
ProjectManager.CompilerOptimize=6
ProjectManager.ComputerToolchain=false
ProjectManager.CoupleFile=true
ProjectManager.CustomerFirmwarePackage=
ProjectManager.DefaultFWLocation=true
ProjectManager.DeletePrevious=true
ProjectManager.DeviceId=STM32F405ZGTx
ProjectManager.FirmwarePackage=STM32Cube FW_F4 V1.27.1
ProjectManager.FreePins=false
ProjectManager.HalAssertFull=false
ProjectManager.HeapSize=0x200
ProjectManager.KeepUserCode=true
ProjectManager.LastFirmware=true
ProjectManager.LibraryCopy=2
ProjectManager.MainLocation=Core/Src
ProjectManager.NoMain=false
ProjectManager.PreviousToolchain=
ProjectManager.ProjectBuild=false
ProjectManager.ProjectFileName=KG_NEW.ioc
ProjectManager.ProjectName=KG_NEW
ProjectManager.RegisterCallBack=
ProjectManager.StackSize=0x400
ProjectManager.TargetToolchain=STM32CubeIDE
ProjectManager.ToolChainLocation=
ProjectManager.UnderRoot=true
ProjectManager.functionlistsort=1-SystemClock_Config-RCC-false-HAL-false,2-MX_GPIO_Init-GPIO-false-HAL-true,3-MX_UART5_Init-UART5-false-HAL-true,4-MX_USART3_UART_Init-USART3-false-HAL-true
RCC.48MHZClocksFreq_Value=75000000
RCC.AHBFreq_Value=16000000
RCC.APB1Freq_Value=16000000
RCC.APB2Freq_Value=16000000
RCC.CortexFreq_Value=16000000
RCC.FamilyName=M
RCC.HSE_VALUE=25000000
RCC.HSI_VALUE=16000000
RCC.I2SClocksFreq_Value=150000000
RCC.IPParameters=48MHZClocksFreq_Value,AHBFreq_Value,APB1Freq_Value,APB2Freq_Value,CortexFreq_Value,FamilyName,HSE_VALUE,HSI_VALUE,I2SClocksFreq_Value,LSE_VALUE,LSI_VALUE,PLLCLKFreq_Value,PLLQCLKFreq_Value,PLLSourceVirtual,RTCFreq_Value,RTCHSEDivFreq_Value,SYSCLKFreq_VALUE,VCOI2SOutputFreq_Value,VCOInputFreq_Value,VCOOutputFreq_Value,VcooutputI2S
RCC.LSE_VALUE=32768
RCC.LSI_VALUE=32000
RCC.PLLCLKFreq_Value=150000000
RCC.PLLQCLKFreq_Value=75000000
RCC.PLLSourceVirtual=RCC_PLLSOURCE_HSE
RCC.RTCFreq_Value=32000
RCC.RTCHSEDivFreq_Value=12500000
RCC.SYSCLKFreq_VALUE=16000000
RCC.VCOI2SOutputFreq_Value=300000000
RCC.VCOInputFreq_Value=1562500
RCC.VCOOutputFreq_Value=300000000
RCC.VcooutputI2S=150000000
UART5.IPParameters=VirtualMode
UART5.VirtualMode=Asynchronous
USART3.IPParameters=VirtualMode
USART3.VirtualMode=VM_ASYNC
VP_FREERTOS_VS_CMSIS_V2.Mode=CMSIS_V2
VP_FREERTOS_VS_CMSIS_V2.Signal=FREERTOS_VS_CMSIS_V2
VP_SYS_VS_tim3.Mode=TIM3
VP_SYS_VS_tim3.Signal=SYS_VS_tim3
board=custom
isbadioc=false
